
Microsoft Visual Studio Solution File, Format Version 12.00
# Visual Studio 15
Project("{FAE04EC0-301F-11D3-BF4B-00C04F79EFBC}") = "Assembly-CSharp-firstpass", "Assembly-CSharp-firstpass.csproj", "{587A0F80-79F1-B313-6E71-4E3759E9D9FD}"
EndProject
Project("{FAE04EC0-301F-11D3-BF4B-00C04F79EFBC}") = "Assembly-CSharp", "Assembly-CSharp.csproj", "{7EE8C689-DE0E-1870-AB8F-517B818D6D92}"
EndProject
Project("{FAE04EC0-301F-11D3-BF4B-00C04F79EFBC}") = "Assembly-CSharp-Editor-firstpass", "Assembly-CSharp-Editor-firstpass.csproj", "{A53AE039-1D38-D2E8-1B95-B3189B895595}"
EndProject
Global
	GlobalSection(SolutionConfigurationPlatforms) = preSolution
		Debug|Any CPU = Debug|Any CPU
		Release|Any CPU = Release|Any CPU
	EndGlobalSection
	GlobalSection(ProjectConfigurationPlatforms) = postSolution
		{587A0F80-79F1-B313-6E71-4E3759E9D9FD}.Debug|Any CPU.ActiveCfg = Debug|Any CPU
		{587A0F80-79F1-B313-6E71-4E3759E9D9FD}.Debug|Any CPU.Build.0 = Debug|Any CPU
		{587A0F80-79F1-B313-6E71-4E3759E9D9FD}.Release|Any CPU.ActiveCfg = Release|Any CPU
		{587A0F80-79F1-B313-6E71-4E3759E9D9FD}.Release|Any CPU.Build.0 = Release|Any CPU
		{7EE8C689-DE0E-1870-AB8F-517B818D6D92}.Debug|Any CPU.ActiveCfg = Debug|Any CPU
		{7EE8C689-DE0E-1870-AB8F-517B818D6D92}.Debug|Any CPU.Build.0 = Debug|Any CPU
		{7EE8C689-DE0E-1870-AB8F-517B818D6D92}.Release|Any CPU.ActiveCfg = Release|Any CPU
		{7EE8C689-DE0E-1870-AB8F-517B818D6D92}.Release|Any CPU.Build.0 = Release|Any CPU
		{A53AE039-1D38-D2E8-1B95-B3189B895595}.Debug|Any CPU.ActiveCfg = Debug|Any CPU
		{A53AE039-1D38-D2E8-1B95-B3189B895595}.Debug|Any CPU.Build.0 = Debug|Any CPU
		{A53AE039-1D38-D2E8-1B95-B3189B895595}.Release|Any CPU.ActiveCfg = Release|Any CPU
		{A53AE039-1D38-D2E8-1B95-B3189B895595}.Release|Any CPU.Build.0 = Release|Any CPU
	EndGlobalSection
	GlobalSection(SolutionProperties) = preSolution
		HideSolutionNode = FALSE
	EndGlobalSection
EndGlobal
